
Microsoft Visual Studio Solution File, Format Version 12.00
# Visual Studio Version 16
VisualStudioVersion = 16.0.29613.14
MinimumVisualStudioVersion = 10.0.40219.1
Project("{9A19103F-16F7-4668-BE54-9A1E7A4F7556}") = "Kaziya.SPA.Function.Sidecar", "Kaziya.SPA.Function.Sidecar\Kaziya.SPA.Function.Sidecar.csproj", "{7146DA8F-8373-4865-B7AC-D5B078F41444}"
EndProject
Project("{9A19103F-16F7-4668-BE54-9A1E7A4F7556}") = "Kaziya.SPA.Function.Proxy", "Kaziya.SPA.Function.Proxy\Kaziya.SPA.Function.Proxy.csproj", "{816DA4A7-9CDB-4329-A12C-18E5236191C4}"
EndProject
Global
	GlobalSection(SolutionConfigurationPlatforms) = preSolution
		Debug|Any CPU = Debug|Any CPU
		Release|Any CPU = Release|Any CPU
	EndGlobalSection
	GlobalSection(ProjectConfigurationPlatforms) = postSolution
		{7146DA8F-8373-4865-B7AC-D5B078F41444}.Debug|Any CPU.ActiveCfg = Debug|Any CPU
		{7146DA8F-8373-4865-B7AC-D5B078F41444}.Debug|Any CPU.Build.0 = Debug|Any CPU
		{7146DA8F-8373-4865-B7AC-D5B078F41444}.Release|Any CPU.ActiveCfg = Release|Any CPU
		{7146DA8F-8373-4865-B7AC-D5B078F41444}.Release|Any CPU.Build.0 = Release|Any CPU
		{816DA4A7-9CDB-4329-A12C-18E5236191C4}.Debug|Any CPU.ActiveCfg = Debug|Any CPU
		{816DA4A7-9CDB-4329-A12C-18E5236191C4}.Debug|Any CPU.Build.0 = Debug|Any CPU
		{816DA4A7-9CDB-4329-A12C-18E5236191C4}.Release|Any CPU.ActiveCfg = Release|Any CPU
		{816DA4A7-9CDB-4329-A12C-18E5236191C4}.Release|Any CPU.Build.0 = Release|Any CPU
	EndGlobalSection
	GlobalSection(SolutionProperties) = preSolution
		HideSolutionNode = FALSE
	EndGlobalSection
	GlobalSection(ExtensibilityGlobals) = postSolution
		SolutionGuid = {006B8185-E841-4D40-A5BC-97692850AC79}
	EndGlobalSection
EndGlobal
